
Microsoft Visual Studio Solution File, Format Version 12.00
# Visual Studio Version 16
VisualStudioVersion = 16.0.29102.190
MinimumVisualStudioVersion = 15.0.26124.0
Project("{9A19103F-16F7-4668-BE54-9A1E7A4F7556}") = "2TiersApp", "client\2TiersApp\2TiersApp.csproj", "{415343ED-D38B-4868-B90B-F3BA608E01B2}"
EndProject
Project("{9A19103F-16F7-4668-BE54-9A1E7A4F7556}") = "2TiersClassLibrary", "business\2TiersClassLibrary\2TiersClassLibrary.csproj", "{E23DBF66-FBD4-4A2F-8D5F-E4B98BF57AE5}"
EndProject
Global
	GlobalSection(SolutionConfigurationPlatforms) = preSolution
		Debug|Any CPU = Debug|Any CPU
		Debug|x64 = Debug|x64
		Debug|x86 = Debug|x86
		Release|Any CPU = Release|Any CPU
		Release|x64 = Release|x64
		Release|x86 = Release|x86
	EndGlobalSection
	GlobalSection(ProjectConfigurationPlatforms) = postSolution
		{415343ED-D38B-4868-B90B-F3BA608E01B2}.Debug|Any CPU.ActiveCfg = Debug|Any CPU
		{415343ED-D38B-4868-B90B-F3BA608E01B2}.Debug|Any CPU.Build.0 = Debug|Any CPU
		{415343ED-D38B-4868-B90B-F3BA608E01B2}.Debug|x64.ActiveCfg = Debug|Any CPU
		{415343ED-D38B-4868-B90B-F3BA608E01B2}.Debug|x64.Build.0 = Debug|Any CPU
		{415343ED-D38B-4868-B90B-F3BA608E01B2}.Debug|x86.ActiveCfg = Debug|Any CPU
		{415343ED-D38B-4868-B90B-F3BA608E01B2}.Debug|x86.Build.0 = Debug|Any CPU
		{415343ED-D38B-4868-B90B-F3BA608E01B2}.Release|Any CPU.ActiveCfg = Release|Any CPU
		{415343ED-D38B-4868-B90B-F3BA608E01B2}.Release|Any CPU.Build.0 = Release|Any CPU
		{415343ED-D38B-4868-B90B-F3BA608E01B2}.Release|x64.ActiveCfg = Release|Any CPU
		{415343ED-D38B-4868-B90B-F3BA608E01B2}.Release|x64.Build.0 = Release|Any CPU
		{415343ED-D38B-4868-B90B-F3BA608E01B2}.Release|x86.ActiveCfg = Release|Any CPU
		{415343ED-D38B-4868-B90B-F3BA608E01B2}.Release|x86.Build.0 = Release|Any CPU
		{E23DBF66-FBD4-4A2F-8D5F-E4B98BF57AE5}.Debug|Any CPU.ActiveCfg = Debug|Any CPU
		{E23DBF66-FBD4-4A2F-8D5F-E4B98BF57AE5}.Debug|Any CPU.Build.0 = Debug|Any CPU
		{E23DBF66-FBD4-4A2F-8D5F-E4B98BF57AE5}.Debug|x64.ActiveCfg = Debug|Any CPU
		{E23DBF66-FBD4-4A2F-8D5F-E4B98BF57AE5}.Debug|x64.Build.0 = Debug|Any CPU
		{E23DBF66-FBD4-4A2F-8D5F-E4B98BF57AE5}.Debug|x86.ActiveCfg = Debug|Any CPU
		{E23DBF66-FBD4-4A2F-8D5F-E4B98BF57AE5}.Debug|x86.Build.0 = Debug|Any CPU
		{E23DBF66-FBD4-4A2F-8D5F-E4B98BF57AE5}.Release|Any CPU.ActiveCfg = Release|Any CPU
		{E23DBF66-FBD4-4A2F-8D5F-E4B98BF57AE5}.Release|Any CPU.Build.0 = Release|Any CPU
		{E23DBF66-FBD4-4A2F-8D5F-E4B98BF57AE5}.Release|x64.ActiveCfg = Release|Any CPU
		{E23DBF66-FBD4-4A2F-8D5F-E4B98BF57AE5}.Release|x64.Build.0 = Release|Any CPU
		{E23DBF66-FBD4-4A2F-8D5F-E4B98BF57AE5}.Release|x86.ActiveCfg = Release|Any CPU
		{E23DBF66-FBD4-4A2F-8D5F-E4B98BF57AE5}.Release|x86.Build.0 = Release|Any CPU
	EndGlobalSection
	GlobalSection(SolutionProperties) = preSolution
		HideSolutionNode = FALSE
	EndGlobalSection
	GlobalSection(ExtensibilityGlobals) = postSolution
		SolutionGuid = {78585F5C-6B09-42F8-96AF-154A0E038D1F}
	EndGlobalSection
EndGlobal
