
Microsoft Visual Studio Solution File, Format Version 12.00
# Visual Studio Version 16
VisualStudioVersion = 16.0.29009.5
MinimumVisualStudioVersion = 10.0.40219.1
Project("{FAE04EC0-301F-11D3-BF4B-00C04F79EFBC}") = "MovieLibraryApp", "MovieLibraryApp.csproj", "{8211D7BB-9694-47E3-8713-4B37CF9C1190}"
EndProject
Global
	GlobalSection(SolutionConfigurationPlatforms) = preSolution
		Debug|Any CPU = Debug|Any CPU
		Release|Any CPU = Release|Any CPU
	EndGlobalSection
	GlobalSection(ProjectConfigurationPlatforms) = postSolution
		{8211D7BB-9694-47E3-8713-4B37CF9C1190}.Debug|Any CPU.ActiveCfg = Debug|Any CPU
		{8211D7BB-9694-47E3-8713-4B37CF9C1190}.Debug|Any CPU.Build.0 = Debug|Any CPU
		{8211D7BB-9694-47E3-8713-4B37CF9C1190}.Release|Any CPU.ActiveCfg = Release|Any CPU
		{8211D7BB-9694-47E3-8713-4B37CF9C1190}.Release|Any CPU.Build.0 = Release|Any CPU
	EndGlobalSection
	GlobalSection(SolutionProperties) = preSolution
		HideSolutionNode = FALSE
	EndGlobalSection
	GlobalSection(ExtensibilityGlobals) = postSolution
		SolutionGuid = {1D1B30E1-C0ED-459D-9890-A2502BC9C4C8}
	EndGlobalSection
EndGlobal
