
Microsoft Visual Studio Solution File, Format Version 12.00
# Visual Studio Version 16
VisualStudioVersion = 16.0.28917.181
MinimumVisualStudioVersion = 10.0.40219.1
Project("{9A19103F-16F7-4668-BE54-9A1E7A4F7556}") = "CalculatorV1", "CalculatorV1.csproj", "{CED4E780-6DCC-457B-8584-C5DEAA74ED92}"
EndProject
Project("{9A19103F-16F7-4668-BE54-9A1E7A4F7556}") = "CalculatorV2", "CalculatorV2\CalculatorV2.csproj", "{BC779460-A53D-4C2D-B7D2-3871678E02C0}"
EndProject
Project("{FAE04EC0-301F-11D3-BF4B-00C04F79EFBC}") = "CalculatorV3", "CalculatorV3\CalculatorV3.csproj", "{8A95F6EC-5512-4845-B586-3703A416F356}"
EndProject
Global
	GlobalSection(SolutionConfigurationPlatforms) = preSolution
		Debug|Any CPU = Debug|Any CPU
		Release|Any CPU = Release|Any CPU
	EndGlobalSection
	GlobalSection(ProjectConfigurationPlatforms) = postSolution
		{CED4E780-6DCC-457B-8584-C5DEAA74ED92}.Debug|Any CPU.ActiveCfg = Debug|Any CPU
		{CED4E780-6DCC-457B-8584-C5DEAA74ED92}.Debug|Any CPU.Build.0 = Debug|Any CPU
		{CED4E780-6DCC-457B-8584-C5DEAA74ED92}.Release|Any CPU.ActiveCfg = Release|Any CPU
		{CED4E780-6DCC-457B-8584-C5DEAA74ED92}.Release|Any CPU.Build.0 = Release|Any CPU
		{BC779460-A53D-4C2D-B7D2-3871678E02C0}.Debug|Any CPU.ActiveCfg = Debug|Any CPU
		{BC779460-A53D-4C2D-B7D2-3871678E02C0}.Debug|Any CPU.Build.0 = Debug|Any CPU
		{BC779460-A53D-4C2D-B7D2-3871678E02C0}.Release|Any CPU.ActiveCfg = Release|Any CPU
		{BC779460-A53D-4C2D-B7D2-3871678E02C0}.Release|Any CPU.Build.0 = Release|Any CPU
		{8A95F6EC-5512-4845-B586-3703A416F356}.Debug|Any CPU.ActiveCfg = Debug|Any CPU
		{8A95F6EC-5512-4845-B586-3703A416F356}.Debug|Any CPU.Build.0 = Debug|Any CPU
		{8A95F6EC-5512-4845-B586-3703A416F356}.Release|Any CPU.ActiveCfg = Release|Any CPU
		{8A95F6EC-5512-4845-B586-3703A416F356}.Release|Any CPU.Build.0 = Release|Any CPU
	EndGlobalSection
	GlobalSection(SolutionProperties) = preSolution
		HideSolutionNode = FALSE
	EndGlobalSection
	GlobalSection(ExtensibilityGlobals) = postSolution
		SolutionGuid = {10D5E67B-86C4-44BE-8E41-13145C920224}
	EndGlobalSection
EndGlobal
