
Microsoft Visual Studio Solution File, Format Version 12.00
# Visual Studio Version 16
VisualStudioVersion = 16.0.28922.388
MinimumVisualStudioVersion = 10.0.40219.1
Project("{FAE04EC0-301F-11D3-BF4B-00C04F79EFBC}") = "StudentAppWindows", "StudentAppWindows.csproj", "{73F26DF5-09D6-431A-988D-BD06227099E4}"
EndProject
Global
	GlobalSection(SolutionConfigurationPlatforms) = preSolution
		Debug|Any CPU = Debug|Any CPU
		Release|Any CPU = Release|Any CPU
	EndGlobalSection
	GlobalSection(ProjectConfigurationPlatforms) = postSolution
		{73F26DF5-09D6-431A-988D-BD06227099E4}.Debug|Any CPU.ActiveCfg = Debug|Any CPU
		{73F26DF5-09D6-431A-988D-BD06227099E4}.Debug|Any CPU.Build.0 = Debug|Any CPU
		{73F26DF5-09D6-431A-988D-BD06227099E4}.Release|Any CPU.ActiveCfg = Release|Any CPU
		{73F26DF5-09D6-431A-988D-BD06227099E4}.Release|Any CPU.Build.0 = Release|Any CPU
	EndGlobalSection
	GlobalSection(SolutionProperties) = preSolution
		HideSolutionNode = FALSE
	EndGlobalSection
	GlobalSection(ExtensibilityGlobals) = postSolution
		SolutionGuid = {36EF8336-A765-4D01-BD6F-1E5F86D6EB2A}
	EndGlobalSection
EndGlobal
