
Microsoft Visual Studio Solution File, Format Version 12.00
# Visual Studio Version 16
VisualStudioVersion = 16.0.29009.5
MinimumVisualStudioVersion = 10.0.40219.1
Project("{9A19103F-16F7-4668-BE54-9A1E7A4F7556}") = "LasalleMembers", "LasalleMembers.csproj", "{230B456F-52E2-492A-B135-DB9B9D12A07D}"
EndProject
Project("{FAE04EC0-301F-11D3-BF4B-00C04F79EFBC}") = "LasalleMembersV2", "..\LasalleMembersV2\LasalleMembersV2.csproj", "{68854EC8-12EA-49F9-A76A-001557CA1B41}"
EndProject
Global
	GlobalSection(SolutionConfigurationPlatforms) = preSolution
		Debug|Any CPU = Debug|Any CPU
		Release|Any CPU = Release|Any CPU
	EndGlobalSection
	GlobalSection(ProjectConfigurationPlatforms) = postSolution
		{230B456F-52E2-492A-B135-DB9B9D12A07D}.Debug|Any CPU.ActiveCfg = Debug|Any CPU
		{230B456F-52E2-492A-B135-DB9B9D12A07D}.Debug|Any CPU.Build.0 = Debug|Any CPU
		{230B456F-52E2-492A-B135-DB9B9D12A07D}.Release|Any CPU.ActiveCfg = Release|Any CPU
		{230B456F-52E2-492A-B135-DB9B9D12A07D}.Release|Any CPU.Build.0 = Release|Any CPU
		{68854EC8-12EA-49F9-A76A-001557CA1B41}.Debug|Any CPU.ActiveCfg = Debug|Any CPU
		{68854EC8-12EA-49F9-A76A-001557CA1B41}.Debug|Any CPU.Build.0 = Debug|Any CPU
		{68854EC8-12EA-49F9-A76A-001557CA1B41}.Release|Any CPU.ActiveCfg = Release|Any CPU
		{68854EC8-12EA-49F9-A76A-001557CA1B41}.Release|Any CPU.Build.0 = Release|Any CPU
	EndGlobalSection
	GlobalSection(SolutionProperties) = preSolution
		HideSolutionNode = FALSE
	EndGlobalSection
	GlobalSection(ExtensibilityGlobals) = postSolution
		SolutionGuid = {FA4A4198-9470-478B-AFD8-BA64B70BB5D4}
	EndGlobalSection
EndGlobal
